{
  "originHash" : "578c9b6054eaaca526bc1cc4dbdebff8d3e5acf89edd9163d0203620f0a149fb",
  "pins" : [
    {
      "identity" : "alamofire",
      "kind" : "remoteSourceControl",
      "location" : "https://github.com/Alamofire/Alamofire.git",
      "state" : {
        "revision" : "513364f870f6bfc468f9d2ff0a95caccc10044c5",
        "version" : "5.10.2"
      }
    },
    {
      "identity" : "kingfisher",
      "kind" : "remoteSourceControl",
      "location" : "https://github.com/onevcat/Kingfisher.git",
      "state" : {
        "revision" : "b6256f191b4c1d8d09f4df94bae69e5ac6e42c81",
        "version" : "8.1.1"
      }
    },
    {
      "identity" : "rxswift",
      "kind" : "remoteSourceControl",
      "location" : "https://github.com/ReactiveX/RxSwift",
      "state" : {
        "revision" : "c7c7d2cf50a3211fe2843f76869c698e4e417930",
        "version" : "6.8.0"
      }
    }
  ],
  "version" : 3
}
